// !$*UTF8*$!
{
	archiveVersion = 1;
	classes = {
	};
	objectVersion = 46;
	objects = {

/* Begin PBXBuildFile section */
		94E66EF51DA9D31E006C5387 /* AppDelegate.swift in Sources */ = {isa = PBXBuildFile; fileRef = 94E66EF41DA9D31E006C5387 /* AppDelegate.swift */; };
		94E66EF71DA9D31E006C5387 /* ViewController.swift in Sources */ = {isa = PBXBuildFile; fileRef = 94E66EF61DA9D31E006C5387 /* ViewController.swift */; };
		94E66EFA1DA9D31E006C5387 /* Main.storyboard in Resources */ = {isa = PBXBuildFile; fileRef = 94E66EF81DA9D31E006C5387 /* Main.storyboard */; };
		94E66EFC1DA9D31F006C5387 /* Assets.xcassets in Resources */ = {isa = PBXBuildFile; fileRef = 94E66EFB1DA9D31F006C5387 /* Assets.xcassets */; };
		94E66EFF1DA9D31F006C5387 /* LaunchScreen.storyboard in Resources */ = {isa = PBXBuildFile; fileRef = 94E66EFD1DA9D31F006C5387 /* LaunchScreen.storyboard */; };
		94E66F071DAA1386006C5387 /* LotteryTypeVC.swift in Sources */ = {isa = PBXBuildFile; fileRef = 94E66F061DAA1386006C5387 /* LotteryTypeVC.swift */; };
		94E66F091DAA1715006C5387 /* TwoColorBallVC.swift in Sources */ = {isa = PBXBuildFile; fileRef = 94E66F081DAA1715006C5387 /* TwoColorBallVC.swift */; };
		94E66F0B1DAA174E006C5387 /* LargeHappyIntOutVC.swift in Sources */ = {isa = PBXBuildFile; fileRef = 94E66F0A1DAA174E006C5387 /* LargeHappyIntOutVC.swift */; };
/* End PBXBuildFile section */

/* Begin PBXFileReference section */
		94E66EF11DA9D31E006C5387 /* LotteryNumber.app */ = {isa = PBXFileReference; explicitFileType = wrapper.application; includeInIndex = 0; path = LotteryNumber.app; sourceTree = BUILT_PRODUCTS_DIR; };
		94E66EF41DA9D31E006C5387 /* AppDelegate.swift */ = {isa = PBXFileReference; lastKnownFileType = sourcecode.swift; path = AppDelegate.swift; sourceTree = "<group>"; };
		94E66EF61DA9D31E006C5387 /* ViewController.swift */ = {isa = PBXFileReference; lastKnownFileType = sourcecode.swift; path = ViewController.swift; sourceTree = "<group>"; };
		94E66EF91DA9D31E006C5387 /* Base */ = {isa = PBXFileReference; lastKnownFileType = file.storyboard; name = Base; path = Base.lproj/Main.storyboard; sourceTree = "<group>"; };
		94E66EFB1DA9D31F006C5387 /* Assets.xcassets */ = {isa = PBXFileReference; lastKnownFileType = folder.assetcatalog; path = Assets.xcassets; sourceTree = "<group>"; };
		94E66EFE1DA9D31F006C5387 /* Base */ = {isa = PBXFileReference; lastKnownFileType = file.storyboard; name = Base; path = Base.lproj/LaunchScreen.storyboard; sourceTree = "<group>"; };
		94E66F001DA9D31F006C5387 /* Info.plist */ = {isa = PBXFileReference; lastKnownFileType = text.plist.xml; path = Info.plist; sourceTree = "<group>"; };
		94E66F061DAA1386006C5387 /* LotteryTypeVC.swift */ = {isa = PBXFileReference; fileEncoding = 4; lastKnownFileType = sourcecode.swift; path = LotteryTypeVC.swift; sourceTree = "<group>"; };
		94E66F081DAA1715006C5387 /* TwoColorBallVC.swift */ = {isa = PBXFileReference; fileEncoding = 4; lastKnownFileType = sourcecode.swift; path = TwoColorBallVC.swift; sourceTree = "<group>"; };
		94E66F0A1DAA174E006C5387 /* LargeHappyIntOutVC.swift */ = {isa = PBXFileReference; fileEncoding = 4; lastKnownFileType = sourcecode.swift; path = LargeHappyIntOutVC.swift; sourceTree = "<group>"; };
/* End PBXFileReference section */

/* Begin PBXFrameworksBuildPhase section */
		94E66EEE1DA9D31E006C5387 /* Frameworks */ = {
			isa = PBXFrameworksBuildPhase;
			buildActionMask = 2147483647;
			files = (
			);
			runOnlyForDeploymentPostprocessing = 0;
		};
/* End PBXFrameworksBuildPhase section */

/* Begin PBXGroup section */
		94E66EE81DA9D31E006C5387 = {
			isa = PBXGroup;
			children = (
				94E66EF31DA9D31E006C5387 /* LotteryNumber */,
				94E66EF21DA9D31E006C5387 /* Products */,
			);
			sourceTree = "<group>";
		};
		94E66EF21DA9D31E006C5387 /* Products */ = {
			isa = PBXGroup;
			children = (
				94E66EF11DA9D31E006C5387 /* LotteryNumber.app */,
			);
			name = Products;
			sourceTree = "<group>";
		};
		94E66EF31DA9D31E006C5387 /* LotteryNumber */ = {
			isa = PBXGroup;
			children = (
				94E66EF41DA9D31E006C5387 /* AppDelegate.swift */,
				94E66EF61DA9D31E006C5387 /* ViewController.swift */,
				94E66F061DAA1386006C5387 /* LotteryTypeVC.swift */,
				94E66F081DAA1715006C5387 /* TwoColorBallVC.swift */,
				94E66F0A1DAA174E006C5387 /* LargeHappyIntOutVC.swift */,
				94E66EF81DA9D31E006C5387 /* Main.storyboard */,
				94E66EFB1DA9D31F006C5387 /* Assets.xcassets */,
				94E66EFD1DA9D31F006C5387 /* LaunchScreen.storyboard */,
				94E66F001DA9D31F006C5387 /* Info.plist */,
			);
			path = LotteryNumber;
			sourceTree = "<group>";
		};
/* End PBXGroup section */

/* Begin PBXNativeTarget section */
		94E66EF01DA9D31E006C5387 /* LotteryNumber */ = {
			isa = PBXNativeTarget;
			buildConfigurationList = 94E66F031DA9D31F006C5387 /* Build configuration list for PBXNativeTarget "LotteryNumber" */;
			buildPhases = (
				94E66EED1DA9D31E006C5387 /* Sources */,
				94E66EEE1DA9D31E006C5387 /* Frameworks */,
				94E66EEF1DA9D31E006C5387 /* Resources */,
			);
			buildRules = (
			);
			dependencies = (
			);
			name = LotteryNumber;
			productName = LotteryNumber;
			productReference = 94E66EF11DA9D31E006C5387 /* LotteryNumber.app */;
			productType = "com.apple.product-type.application";
		};
/* End PBXNativeTarget section */

/* Begin PBXProject section */
		94E66EE91DA9D31E006C5387 /* Project object */ = {
			isa = PBXProject;
			attributes = {
				LastSwiftUpdateCheck = 0800;
				LastUpgradeCheck = 0800;
				ORGANIZATIONNAME = langyue;
				TargetAttributes = {
					94E66EF01DA9D31E006C5387 = {
						CreatedOnToolsVersion = 8.0;
						DevelopmentTeam = 6Y5ZE48E9L;
						ProvisioningStyle = Automatic;
					};
				};
			};
			buildConfigurationList = 94E66EEC1DA9D31E006C5387 /* Build configuration list for PBXProject "LotteryNumber" */;
			compatibilityVersion = "Xcode 3.2";
			developmentRegion = English;
			hasScannedForEncodings = 0;
			knownRegions = (
				en,
				Base,
			);
			mainGroup = 94E66EE81DA9D31E006C5387;
			productRefGroup = 94E66EF21DA9D31E006C5387 /* Products */;
			projectDirPath = "";
			projectRoot = "";
			targets = (
				94E66EF01DA9D31E006C5387 /* LotteryNumber */,
			);
		};
/* End PBXProject section */

/* Begin PBXResourcesBuildPhase section */
		94E66EEF1DA9D31E006C5387 /* Resources */ = {
			isa = PBXResourcesBuildPhase;
			buildActionMask = 2147483647;
			files = (
				94E66EFF1DA9D31F006C5387 /* LaunchScreen.storyboard in Resources */,
				94E66EFC1DA9D31F006C5387 /* Assets.xcassets in Resources */,
				94E66EFA1DA9D31E006C5387 /* Main.storyboard in Resources */,
			);
			runOnlyForDeploymentPostprocessing = 0;
		};
/* End PBXResourcesBuildPhase section */

/* Begin PBXSourcesBuildPhase section */
		94E66EED1DA9D31E006C5387 /* Sources */ = {
			isa = PBXSourcesBuildPhase;
			buildActionMask = 2147483647;
			files = (
				94E66F091DAA1715006C5387 /* TwoColorBallVC.swift in Sources */,
				94E66EF71DA9D31E006C5387 /* ViewController.swift in Sources */,
				94E66F071DAA1386006C5387 /* LotteryTypeVC.swift in Sources */,
				94E66EF51DA9D31E006C5387 /* AppDelegate.swift in Sources */,
				94E66F0B1DAA174E006C5387 /* LargeHappyIntOutVC.swift in Sources */,
			);
			runOnlyForDeploymentPostprocessing = 0;
		};
/* End PBXSourcesBuildPhase section */

/* Begin PBXVariantGroup section */
		94E66EF81DA9D31E006C5387 /* Main.storyboard */ = {
			isa = PBXVariantGroup;
			children = (
				94E66EF91DA9D31E006C5387 /* Base */,
			);
			name = Main.storyboard;
			sourceTree = "<group>";
		};
		94E66EFD1DA9D31F006C5387 /* LaunchScreen.storyboard */ = {
			isa = PBXVariantGroup;
			children = (
				94E66EFE1DA9D31F006C5387 /* Base */,
			);
			name = LaunchScreen.storyboard;
			sourceTree = "<group>";
		};
/* End PBXVariantGroup section */

/* Begin XCBuildConfiguration section */
		94E66F011DA9D31F006C5387 /* Debug */ = {
			isa = XCBuildConfiguration;
			buildSettings = {
				ALWAYS_SEARCH_USER_PATHS = NO;
				CLANG_ANALYZER_NONNULL = YES;
				CLANG_CXX_LANGUAGE_STANDARD = "gnu++0x";
				CLANG_CXX_LIBRARY = "libc++";
				CLANG_ENABLE_MODULES = YES;
				CLANG_ENABLE_OBJC_ARC = YES;
				CLANG_WARN_BOOL_CONVERSION = YES;
				CLANG_WARN_CONSTANT_CONVERSION = YES;
				CLANG_WARN_DIRECT_OBJC_ISA_USAGE = YES_ERROR;
				CLANG_WARN_DOCUMENTATION_COMMENTS = YES;
				CLANG_WARN_EMPTY_BODY = YES;
				CLANG_WARN_ENUM_CONVERSION = YES;
				CLANG_WARN_INFINITE_RECURSION = YES;
				CLANG_WARN_INT_CONVERSION = YES;
				CLANG_WARN_OBJC_ROOT_CLASS = YES_ERROR;
				CLANG_WARN_SUSPICIOUS_MOVES = YES;
				CLANG_WARN_UNREACHABLE_CODE = YES;
				CLANG_WARN__DUPLICATE_METHOD_MATCH = YES;
				"CODE_SIGN_IDENTITY[sdk=iphoneos*]" = "iPhone Developer";
				COPY_PHASE_STRIP = NO;
				DEBUG_INFORMATION_FORMAT = dwarf;
				ENABLE_STRICT_OBJC_MSGSEND = YES;
				ENABLE_TESTABILITY = YES;
				GCC_C_LANGUAGE_STANDARD = gnu99;
				GCC_DYNAMIC_NO_PIC = NO;
				GCC_NO_COMMON_BLOCKS = YES;
				GCC_OPTIMIZATION_LEVEL = 0;
				GCC_PREPROCESSOR_DEFINITIONS = (
					"DEBUG=1",
					"$(inherited)",
				);
				GCC_WARN_64_TO_32_BIT_CONVERSION = YES;
				GCC_WARN_ABOUT_RETURN_TYPE = YES_ERROR;
				GCC_WARN_UNDECLARED_SELECTOR = YES;
				GCC_WARN_UNINITIALIZED_AUTOS = YES_AGGRESSIVE;
				GCC_WARN_UNUSED_FUNCTION = YES;
				GCC_WARN_UNUSED_VARIABLE = YES;
				IPHONEOS_DEPLOYMENT_TARGET = 10.0;
				MTL_ENABLE_DEBUG_INFO = YES;
				ONLY_ACTIVE_ARCH = YES;
				SDKROOT = iphoneos;
				SWIFT_ACTIVE_COMPILATION_CONDITIONS = DEBUG;
				SWIFT_OPTIMIZATION_LEVEL = "-Onone";
				TARGETED_DEVICE_FAMILY = "1,2";
			};
			name = Debug;
		};
		94E66F021DA9D31F006C5387 /* Release */ = {
			isa = XCBuildConfiguration;
			buildSettings = {
				ALWAYS_SEARCH_USER_PATHS = NO;
				CLANG_ANALYZER_NONNULL = YES;
				CLANG_CXX_LANGUAGE_STANDARD = "gnu++0x";
				CLANG_CXX_LIBRARY = "libc++";
				CLANG_ENABLE_MODULES = YES;
				CLANG_ENABLE_OBJC_ARC = YES;
				CLANG_WARN_BOOL_CONVERSION = YES;
				CLANG_WARN_CONSTANT_CONVERSION = YES;
				CLANG_WARN_DIRECT_OBJC_ISA_USAGE = YES_ERROR;
				CLANG_WARN_DOCUMENTATION_COMMENTS = YES;
				CLANG_WARN_EMPTY_BODY = YES;
				CLANG_WARN_ENUM_CONVERSION = YES;
				CLANG_WARN_INFINITE_RECURSION = YES;
				CLANG_WARN_INT_CONVERSION = YES;
				CLANG_WARN_OBJC_ROOT_CLASS = YES_ERROR;
				CLANG_WARN_SUSPICIOUS_MOVES = YES;
				CLANG_WARN_UNREACHABLE_CODE = YES;
				CLANG_WARN__DUPLICATE_METHOD_MATCH = YES;
				"CODE_SIGN_IDENTITY[sdk=iphoneos*]" = "iPhone Developer";
				COPY_PHASE_STRIP = NO;
				DEBUG_INFORMATION_FORMAT = "dwarf-with-dsym";
				ENABLE_NS_ASSERTIONS = NO;
				ENABLE_STRICT_OBJC_MSGSEND = YES;
				GCC_C_LANGUAGE_STANDARD = gnu99;
				GCC_NO_COMMON_BLOCKS = YES;
				GCC_WARN_64_TO_32_BIT_CONVERSION = YES;
				GCC_WARN_ABOUT_RETURN_TYPE = YES_ERROR;
				GCC_WARN_UNDECLARED_SELECTOR = YES;
				GCC_WARN_UNINITIALIZED_AUTOS = YES_AGGRESSIVE;
				GCC_WARN_UNUSED_FUNCTION = YES;
				GCC_WARN_UNUSED_VARIABLE = YES;
				IPHONEOS_DEPLOYMENT_TARGET = 10.0;
				MTL_ENABLE_DEBUG_INFO = NO;
				SDKROOT = iphoneos;
				SWIFT_OPTIMIZATION_LEVEL = "-Owholemodule";
				TARGETED_DEVICE_FAMILY = "1,2";
				VALIDATE_PRODUCT = YES;
			};
			name = Release;
		};
		94E66F041DA9D31F006C5387 /* Debug */ = {
			isa = XCBuildConfiguration;
			buildSettings = {
				ASSETCATALOG_COMPILER_APPICON_NAME = AppIcon;
				CODE_SIGN_IDENTITY = "iPhone Developer: Duan ZhenHua (K72AW26WBF)";
				"CODE_SIGN_IDENTITY[sdk=iphoneos*]" = "iPhone Developer";
				DEVELOPMENT_TEAM = 6Y5ZE48E9L;
				INFOPLIST_FILE = LotteryNumber/Info.plist;
				LD_RUNPATH_SEARCH_PATHS = "$(inherited) @executable_path/Frameworks";
				PRODUCT_BUNDLE_IDENTIFIER = com.template.;
				PRODUCT_NAME = "$(TARGET_NAME)";
				PROVISIONING_PROFILE = "";
				PROVISIONING_PROFILE_SPECIFIER = "";
				SWIFT_VERSION = 3.0;
			};
			name = Debug;
		};
		94E66F051DA9D31F006C5387 /* Release */ = {
			isa = XCBuildConfiguration;
			buildSettings = {
				ASSETCATALOG_COMPILER_APPICON_NAME = AppIcon;
				CODE_SIGN_IDENTITY = "iPhone Developer: Duan ZhenHua (K72AW26WBF)";
				"CODE_SIGN_IDENTITY[sdk=iphoneos*]" = "iPhone Developer";
				DEVELOPMENT_TEAM = 6Y5ZE48E9L;
				INFOPLIST_FILE = LotteryNumber/Info.plist;
				LD_RUNPATH_SEARCH_PATHS = "$(inherited) @executable_path/Frameworks";
				PRODUCT_BUNDLE_IDENTIFIER = com.template.;
				PRODUCT_NAME = "$(TARGET_NAME)";
				PROVISIONING_PROFILE = "";
				PROVISIONING_PROFILE_SPECIFIER = "";
				SWIFT_VERSION = 3.0;
			};
			name = Release;
		};
/* End XCBuildConfiguration section */

/* Begin XCConfigurationList section */
		94E66EEC1DA9D31E006C5387 /* Build configuration list for PBXProject "LotteryNumber" */ = {
			isa = XCConfigurationList;
			buildConfigurations = (
				94E66F011DA9D31F006C5387 /* Debug */,
				94E66F021DA9D31F006C5387 /* Release */,
			);
			defaultConfigurationIsVisible = 0;
			defaultConfigurationName = Release;
		};
		94E66F031DA9D31F006C5387 /* Build configuration list for PBXNativeTarget "LotteryNumber" */ = {
			isa = XCConfigurationList;
			buildConfigurations = (
				94E66F041DA9D31F006C5387 /* Debug */,
				94E66F051DA9D31F006C5387 /* Release */,
			);
			defaultConfigurationIsVisible = 0;
		};
/* End XCConfigurationList section */
	};
	rootObject = 94E66EE91DA9D31E006C5387 /* Project object */;
}
